# THIS IS AN AUTOGENERATED FILE. DO NOT EDIT THIS FILE DIRECTLY.
# yarn lockfile v1


"@nuxtjs/dotenv@^1.4.1":
  version "1.4.1"
  resolved "https://registry.yarnpkg.com/@nuxtjs/dotenv/-/dotenv-1.4.1.tgz#dd5abb98e22cc7ae27139d3aa606151034293128"
  integrity sha512-DpdObsvRwC8d89I9mzz6pBg6e/PEXHazDM57DOI1mmML2ZjHfQ/DvkjlSzUL7T+TnW3b/a4Ks5wQx08DqFBmeQ==
  dependencies:
    consola "^2.10.1"
    dotenv "^8.1.0"

consola@^2.10.1:
  version "2.15.0"
  resolved "https://registry.yarnpkg.com/consola/-/consola-2.15.0.tgz#40fc4eefa4d2f8ef2e2806147f056ea207fcc0e9"
  integrity sha512-vlcSGgdYS26mPf7qNi+dCisbhiyDnrN1zaRbw3CSuc2wGOMEGGPsp46PdRG5gqXwgtJfjxDkxRNAgRPr1B77vQ==

dotenv@^8.1.0:
  version "8.2.0"
  resolved "https://registry.yarnpkg.com/dotenv/-/dotenv-8.2.0.tgz#97e619259ada750eea3e4ea3e26bceea5424b16a"
  integrity sha512-8sJ78ElpbDJBHNeBzUbUVLsqKdccaa/BXF1uPTw3GrvQTBgrQrtObr2mUrE38vzYd8cEv+m/JBfDLioYcfXoaw==
